// !$*UTF8*$!
{
	archiveVersion = 1;
	classes = {
	};
	objectVersion = 46;
	objects = {

/* Begin PBXBuildFile section */
		063343731F5A8C090068698E /* ProjectServiceError.swift in Sources */ = {isa = PBXBuildFile; fileRef = 063343721F5A8C090068698E /* ProjectServiceError.swift */; };
		063343751F5AA0960068698E /* UIViewControllerHelpers.swift in Sources */ = {isa = PBXBuildFile; fileRef = 063343741F5AA0960068698E /* UIViewControllerHelpers.swift */; };
		064A5D241F568F1F007D1838 /* ProjectListViewViewModel.swift in Sources */ = {isa = PBXBuildFile; fileRef = 064A5D231F568F1F007D1838 /* ProjectListViewViewModel.swift */; };
		064A5D271F56909B007D1838 /* Project.swift in Sources */ = {isa = PBXBuildFile; fileRef = 064A5D261F56909B007D1838 /* Project.swift */; };
		064E91FA1F53FE1A0040332A /* TeamworkClientTests.swift in Sources */ = {isa = PBXBuildFile; fileRef = 064E91F91F53FE1A0040332A /* TeamworkClientTests.swift */; };
		065E713E1F569F9800300A9D /* ProjectTests.swift in Sources */ = {isa = PBXBuildFile; fileRef = 065E713D1F569F9800300A9D /* ProjectTests.swift */; };
		065E71431F56A44B00300A9D /* ProjectStubs.swift in Sources */ = {isa = PBXBuildFile; fileRef = 065E71421F56A44B00300A9D /* ProjectStubs.swift */; };
		065E71461F56AE5100300A9D /* ProjectService.swift in Sources */ = {isa = PBXBuildFile; fileRef = 065E71451F56AE5100300A9D /* ProjectService.swift */; };
		066F1DA51F57DE4D00B3BA06 /* PersistentService.swift in Sources */ = {isa = PBXBuildFile; fileRef = 066F1DA41F57DE4D00B3BA06 /* PersistentService.swift */; };
		06E92BB71F4D5AC200396356 /* TeamworkSettings.swift in Sources */ = {isa = PBXBuildFile; fileRef = 06E92BB61F4D5AC200396356 /* TeamworkSettings.swift */; };
		06E92BB91F4D5BF800396356 /* TeamworkClient.swift in Sources */ = {isa = PBXBuildFile; fileRef = 06E92BB81F4D5BF800396356 /* TeamworkClient.swift */; };
		06E92BBF1F4D5DE300396356 /* TeamworkRouter.swift in Sources */ = {isa = PBXBuildFile; fileRef = 06E92BBE1F4D5DE300396356 /* TeamworkRouter.swift */; };
		06E9B7571F554658006DF011 /* ProjectListTableViewCell.swift in Sources */ = {isa = PBXBuildFile; fileRef = 06E9B7561F554658006DF011 /* ProjectListTableViewCell.swift */; };
		06F91A671F4D429A00FAE71F /* AppDelegate.swift in Sources */ = {isa = PBXBuildFile; fileRef = 06F91A661F4D429A00FAE71F /* AppDelegate.swift */; };
		06F91A691F4D429A00FAE71F /* ProjectListViewController.swift in Sources */ = {isa = PBXBuildFile; fileRef = 06F91A681F4D429A00FAE71F /* ProjectListViewController.swift */; };
		06F91A6C1F4D429A00FAE71F /* Main.storyboard in Resources */ = {isa = PBXBuildFile; fileRef = 06F91A6A1F4D429A00FAE71F /* Main.storyboard */; };
		06F91A6E1F4D429A00FAE71F /* Assets.xcassets in Resources */ = {isa = PBXBuildFile; fileRef = 06F91A6D1F4D429A00FAE71F /* Assets.xcassets */; };
		06F91A711F4D429A00FAE71F /* LaunchScreen.storyboard in Resources */ = {isa = PBXBuildFile; fileRef = 06F91A6F1F4D429A00FAE71F /* LaunchScreen.storyboard */; };
		06F91A871F4D429A00FAE71F /* LoggitUITests.swift in Sources */ = {isa = PBXBuildFile; fileRef = 06F91A861F4D429A00FAE71F /* LoggitUITests.swift */; };
		42FF5CBCF2B83DADE6FE63C3 /* Pods_Loggit.framework in Frameworks */ = {isa = PBXBuildFile; fileRef = 5B85EBD4F67693E13F74AC58 /* Pods_Loggit.framework */; };
		9AF1857CEFD2F895AB7BF4F8 /* Pods_LoggitTests.framework in Frameworks */ = {isa = PBXBuildFile; fileRef = 1544705B91334E1B75433A33 /* Pods_LoggitTests.framework */; };
		D307446010B7815E323203EE /* Pods_LoggitUITests.framework in Frameworks */ = {isa = PBXBuildFile; fileRef = 45005169D0010EB241F45E7D /* Pods_LoggitUITests.framework */; };
/* End PBXBuildFile section */

/* Begin PBXContainerItemProxy section */
		06F91A781F4D429A00FAE71F /* PBXContainerItemProxy */ = {
			isa = PBXContainerItemProxy;
			containerPortal = 06F91A5B1F4D429A00FAE71F /* Project object */;
			proxyType = 1;
			remoteGlobalIDString = 06F91A621F4D429A00FAE71F;
			remoteInfo = Loggit;
		};
		06F91A831F4D429A00FAE71F /* PBXContainerItemProxy */ = {
			isa = PBXContainerItemProxy;
			containerPortal = 06F91A5B1F4D429A00FAE71F /* Project object */;
			proxyType = 1;
			remoteGlobalIDString = 06F91A621F4D429A00FAE71F;
			remoteInfo = Loggit;
		};
/* End PBXContainerItemProxy section */

/* Begin PBXFileReference section */
		02E36BFC13C1F70E79327AE2 /* Pods-Loggit.release.xcconfig */ = {isa = PBXFileReference; includeInIndex = 1; lastKnownFileType = text.xcconfig; name = "Pods-Loggit.release.xcconfig"; path = "Pods/Target Support Files/Pods-Loggit/Pods-Loggit.release.xcconfig"; sourceTree = "<group>"; };
		063343721F5A8C090068698E /* ProjectServiceError.swift */ = {isa = PBXFileReference; fileEncoding = 4; lastKnownFileType = sourcecode.swift; name = ProjectServiceError.swift; path = Services/ProjectServiceError.swift; sourceTree = "<group>"; };
		063343741F5AA0960068698E /* UIViewControllerHelpers.swift */ = {isa = PBXFileReference; fileEncoding = 4; lastKnownFileType = sourcecode.swift; name = UIViewControllerHelpers.swift; path = Helpers/UIViewControllerHelpers.swift; sourceTree = "<group>"; };
		064A5D231F568F1F007D1838 /* ProjectListViewViewModel.swift */ = {isa = PBXFileReference; fileEncoding = 4; lastKnownFileType = sourcecode.swift; name = ProjectListViewViewModel.swift; path = ViewController/ProjectListView/ProjectListViewViewModel.swift; sourceTree = "<group>"; };
		064A5D261F56909B007D1838 /* Project.swift */ = {isa = PBXFileReference; fileEncoding = 4; lastKnownFileType = sourcecode.swift; name = Project.swift; path = Model/Project.swift; sourceTree = "<group>"; };
		064E91F91F53FE1A0040332A /* TeamworkClientTests.swift */ = {isa = PBXFileReference; fileEncoding = 4; lastKnownFileType = sourcecode.swift; name = TeamworkClientTests.swift; path = "Test Cases/TeamworkClientTests.swift"; sourceTree = "<group>"; };
		065E713D1F569F9800300A9D /* ProjectTests.swift */ = {isa = PBXFileReference; fileEncoding = 4; lastKnownFileType = sourcecode.swift; name = ProjectTests.swift; path = "Test Cases/Models/ProjectTests.swift"; sourceTree = "<group>"; };
		065E71421F56A44B00300A9D /* ProjectStubs.swift */ = {isa = PBXFileReference; fileEncoding = 4; lastKnownFileType = sourcecode.swift; name = ProjectStubs.swift; path = Stubs/ProjectStubs.swift; sourceTree = "<group>"; };
		065E71451F56AE5100300A9D /* ProjectService.swift */ = {isa = PBXFileReference; fileEncoding = 4; lastKnownFileType = sourcecode.swift; name = ProjectService.swift; path = Services/ProjectService.swift; sourceTree = "<group>"; };
		066F1DA41F57DE4D00B3BA06 /* PersistentService.swift */ = {isa = PBXFileReference; fileEncoding = 4; lastKnownFileType = sourcecode.swift; name = PersistentService.swift; path = Services/PersistentService.swift; sourceTree = "<group>"; };
		06E92BB61F4D5AC200396356 /* TeamworkSettings.swift */ = {isa = PBXFileReference; fileEncoding = 4; lastKnownFileType = sourcecode.swift; name = TeamworkSettings.swift; path = TeamworkService/TeamworkSettings.swift; sourceTree = "<group>"; };
		06E92BB81F4D5BF800396356 /* TeamworkClient.swift */ = {isa = PBXFileReference; fileEncoding = 4; lastKnownFileType = sourcecode.swift; name = TeamworkClient.swift; path = TeamworkService/TeamworkClient.swift; sourceTree = "<group>"; };
		06E92BBE1F4D5DE300396356 /* TeamworkRouter.swift */ = {isa = PBXFileReference; fileEncoding = 4; lastKnownFileType = sourcecode.swift; name = TeamworkRouter.swift; path = TeamworkService/TeamworkRouter.swift; sourceTree = "<group>"; };
		06E9B7561F554658006DF011 /* ProjectListTableViewCell.swift */ = {isa = PBXFileReference; fileEncoding = 4; lastKnownFileType = sourcecode.swift; name = ProjectListTableViewCell.swift; path = ViewController/ProjectListView/ProjectListTableViewCell.swift; sourceTree = "<group>"; };
		06F91A631F4D429A00FAE71F /* Loggit.app */ = {isa = PBXFileReference; explicitFileType = wrapper.application; includeInIndex = 0; path = Loggit.app; sourceTree = BUILT_PRODUCTS_DIR; };
		06F91A661F4D429A00FAE71F /* AppDelegate.swift */ = {isa = PBXFileReference; lastKnownFileType = sourcecode.swift; path = AppDelegate.swift; sourceTree = "<group>"; };
		06F91A681F4D429A00FAE71F /* ProjectListViewController.swift */ = {isa = PBXFileReference; lastKnownFileType = sourcecode.swift; name = ProjectListViewController.swift; path = ViewController/ProjectListView/ProjectListViewController.swift; sourceTree = "<group>"; };
		06F91A6B1F4D429A00FAE71F /* Base */ = {isa = PBXFileReference; lastKnownFileType = file.storyboard; name = Base; path = Base.lproj/Main.storyboard; sourceTree = "<group>"; };
		06F91A6D1F4D429A00FAE71F /* Assets.xcassets */ = {isa = PBXFileReference; lastKnownFileType = folder.assetcatalog; path = Assets.xcassets; sourceTree = "<group>"; };
		06F91A701F4D429A00FAE71F /* Base */ = {isa = PBXFileReference; lastKnownFileType = file.storyboard; name = Base; path = Base.lproj/LaunchScreen.storyboard; sourceTree = "<group>"; };
		06F91A721F4D429A00FAE71F /* Info.plist */ = {isa = PBXFileReference; lastKnownFileType = text.plist.xml; path = Info.plist; sourceTree = "<group>"; };
		06F91A771F4D429A00FAE71F /* LoggitTests.xctest */ = {isa = PBXFileReference; explicitFileType = wrapper.cfbundle; includeInIndex = 0; path = LoggitTests.xctest; sourceTree = BUILT_PRODUCTS_DIR; };
		06F91A7D1F4D429A00FAE71F /* Info.plist */ = {isa = PBXFileReference; lastKnownFileType = text.plist.xml; path = Info.plist; sourceTree = "<group>"; };
		06F91A821F4D429A00FAE71F /* LoggitUITests.xctest */ = {isa = PBXFileReference; explicitFileType = wrapper.cfbundle; includeInIndex = 0; path = LoggitUITests.xctest; sourceTree = BUILT_PRODUCTS_DIR; };
		06F91A861F4D429A00FAE71F /* LoggitUITests.swift */ = {isa = PBXFileReference; lastKnownFileType = sourcecode.swift; path = LoggitUITests.swift; sourceTree = "<group>"; };
		06F91A881F4D429A00FAE71F /* Info.plist */ = {isa = PBXFileReference; lastKnownFileType = text.plist.xml; path = Info.plist; sourceTree = "<group>"; };
		1544705B91334E1B75433A33 /* Pods_LoggitTests.framework */ = {isa = PBXFileReference; explicitFileType = wrapper.framework; includeInIndex = 0; path = Pods_LoggitTests.framework; sourceTree = BUILT_PRODUCTS_DIR; };
		20515EC1C9C270B9E9F1342D /* Pods-LoggitUITests.debug.xcconfig */ = {isa = PBXFileReference; includeInIndex = 1; lastKnownFileType = text.xcconfig; name = "Pods-LoggitUITests.debug.xcconfig"; path = "Pods/Target Support Files/Pods-LoggitUITests/Pods-LoggitUITests.debug.xcconfig"; sourceTree = "<group>"; };
		37F36DF79EC51CE9092553B3 /* Pods-LoggitTests.release.xcconfig */ = {isa = PBXFileReference; includeInIndex = 1; lastKnownFileType = text.xcconfig; name = "Pods-LoggitTests.release.xcconfig"; path = "Pods/Target Support Files/Pods-LoggitTests/Pods-LoggitTests.release.xcconfig"; sourceTree = "<group>"; };
		45005169D0010EB241F45E7D /* Pods_LoggitUITests.framework */ = {isa = PBXFileReference; explicitFileType = wrapper.framework; includeInIndex = 0; path = Pods_LoggitUITests.framework; sourceTree = BUILT_PRODUCTS_DIR; };
		5B85EBD4F67693E13F74AC58 /* Pods_Loggit.framework */ = {isa = PBXFileReference; explicitFileType = wrapper.framework; includeInIndex = 0; path = Pods_Loggit.framework; sourceTree = BUILT_PRODUCTS_DIR; };
		79F926C880F6A4B01F15843C /* Pods-Loggit.debug.xcconfig */ = {isa = PBXFileReference; includeInIndex = 1; lastKnownFileType = text.xcconfig; name = "Pods-Loggit.debug.xcconfig"; path = "Pods/Target Support Files/Pods-Loggit/Pods-Loggit.debug.xcconfig"; sourceTree = "<group>"; };
		DBDB1777A552CC4D9BDA9595 /* Pods-LoggitUITests.release.xcconfig */ = {isa = PBXFileReference; includeInIndex = 1; lastKnownFileType = text.xcconfig; name = "Pods-LoggitUITests.release.xcconfig"; path = "Pods/Target Support Files/Pods-LoggitUITests/Pods-LoggitUITests.release.xcconfig"; sourceTree = "<group>"; };
		E40B98A057BD0CA40E9BD390 /* Pods-LoggitTests.debug.xcconfig */ = {isa = PBXFileReference; includeInIndex = 1; lastKnownFileType = text.xcconfig; name = "Pods-LoggitTests.debug.xcconfig"; path = "Pods/Target Support Files/Pods-LoggitTests/Pods-LoggitTests.debug.xcconfig"; sourceTree = "<group>"; };
/* End PBXFileReference section */

/* Begin PBXFrameworksBuildPhase section */
		06F91A601F4D429A00FAE71F /* Frameworks */ = {
			isa = PBXFrameworksBuildPhase;
			buildActionMask = 2147483647;
			files = (
				42FF5CBCF2B83DADE6FE63C3 /* Pods_Loggit.framework in Frameworks */,
			);
			runOnlyForDeploymentPostprocessing = 0;
		};
		06F91A741F4D429A00FAE71F /* Frameworks */ = {
			isa = PBXFrameworksBuildPhase;
			buildActionMask = 2147483647;
			files = (
				9AF1857CEFD2F895AB7BF4F8 /* Pods_LoggitTests.framework in Frameworks */,
			);
			runOnlyForDeploymentPostprocessing = 0;
		};
		06F91A7F1F4D429A00FAE71F /* Frameworks */ = {
			isa = PBXFrameworksBuildPhase;
			buildActionMask = 2147483647;
			files = (
				D307446010B7815E323203EE /* Pods_LoggitUITests.framework in Frameworks */,
			);
			runOnlyForDeploymentPostprocessing = 0;
		};
/* End PBXFrameworksBuildPhase section */

/* Begin PBXGroup section */
		06089F8D1F5BD04A002C2423 /* Storyboards */ = {
			isa = PBXGroup;
			children = (
				06F91A6A1F4D429A00FAE71F /* Main.storyboard */,
				06F91A6F1F4D429A00FAE71F /* LaunchScreen.storyboard */,
			);
			name = Storyboards;
			sourceTree = "<group>";
		};
		06089F8E1F5BD058002C2423 /* Supporting Files */ = {
			isa = PBXGroup;
			children = (
				06F91A721F4D429A00FAE71F /* Info.plist */,
			);
			name = "Supporting Files";
			sourceTree = "<group>";
		};
		063343421F5A6E7A0068698E /* Assets */ = {
			isa = PBXGroup;
			children = (
				06F91A6D1F4D429A00FAE71F /* Assets.xcassets */,
			);
			name = Assets;
			sourceTree = "<group>";
		};
		063343761F5AA09A0068698E /* Helpers */ = {
			isa = PBXGroup;
			children = (
				063343741F5AA0960068698E /* UIViewControllerHelpers.swift */,
			);
			name = Helpers;
			sourceTree = "<group>";
		};
		064A5D251F56907E007D1838 /* Model */ = {
			isa = PBXGroup;
			children = (
				064A5D261F56909B007D1838 /* Project.swift */,
			);
			name = Model;
			sourceTree = "<group>";
		};
		064E91F61F53FD9C0040332A /* Test Cases */ = {
			isa = PBXGroup;
			children = (
				064E91F91F53FE1A0040332A /* TeamworkClientTests.swift */,
				065E713F1F569F9B00300A9D /* Models */,
			);
			name = "Test Cases";
			sourceTree = "<group>";
		};
		064E91F71F53FDA30040332A /* Stubs */ = {
			isa = PBXGroup;
			children = (
				065E71421F56A44B00300A9D /* ProjectStubs.swift */,
			);
			name = Stubs;
			sourceTree = "<group>";
		};
		064E91F81F53FDAB0040332A /* Extensions */ = {
			isa = PBXGroup;
			children = (
			);
			name = Extensions;
			sourceTree = "<group>";
		};
		065E713F1F569F9B00300A9D /* Models */ = {
			isa = PBXGroup;
			children = (
				065E713D1F569F9800300A9D /* ProjectTests.swift */,
			);
			name = Models;
			sourceTree = "<group>";
		};
		065E71441F56AE0E00300A9D /* Services */ = {
			isa = PBXGroup;
			children = (
				065E71451F56AE5100300A9D /* ProjectService.swift */,
				066F1DA41F57DE4D00B3BA06 /* PersistentService.swift */,
				063343721F5A8C090068698E /* ProjectServiceError.swift */,
			);
			name = Services;
			sourceTree = "<group>";
		};
		06D0B9D51F4D4EBE00157A91 /* ViewController */ = {
			isa = PBXGroup;
			children = (
				06E9B7551F55462F006DF011 /* ProjectListView */,
			);
			name = ViewController;
			sourceTree = "<group>";
		};
		06E92BB51F4D5A5600396356 /* Teamwork API */ = {
			isa = PBXGroup;
			children = (
				06E92BB61F4D5AC200396356 /* TeamworkSettings.swift */,
				06E92BB81F4D5BF800396356 /* TeamworkClient.swift */,
				06E92BBE1F4D5DE300396356 /* TeamworkRouter.swift */,
			);
			name = "Teamwork API";
			sourceTree = "<group>";
		};
		06E9B7551F55462F006DF011 /* ProjectListView */ = {
			isa = PBXGroup;
			children = (
				06F91A681F4D429A00FAE71F /* ProjectListViewController.swift */,
				06E9B7561F554658006DF011 /* ProjectListTableViewCell.swift */,
				064A5D231F568F1F007D1838 /* ProjectListViewViewModel.swift */,
			);
			name = ProjectListView;
			sourceTree = "<group>";
		};
		06F91A5A1F4D429A00FAE71F = {
			isa = PBXGroup;
			children = (
				06F91A651F4D429A00FAE71F /* Loggit */,
				06F91A7A1F4D429A00FAE71F /* LoggitTests */,
				06F91A851F4D429A00FAE71F /* LoggitUITests */,
				06F91A641F4D429A00FAE71F /* Products */,
				CA7CD1605D192E3B4D42E84A /* Pods */,
				65D2D73B1107AF42FBA655F0 /* Frameworks */,
			);
			sourceTree = "<group>";
		};
		06F91A641F4D429A00FAE71F /* Products */ = {
			isa = PBXGroup;
			children = (
				06F91A631F4D429A00FAE71F /* Loggit.app */,
				06F91A771F4D429A00FAE71F /* LoggitTests.xctest */,
				06F91A821F4D429A00FAE71F /* LoggitUITests.xctest */,
			);
			name = Products;
			sourceTree = "<group>";
		};
		06F91A651F4D429A00FAE71F /* Loggit */ = {
			isa = PBXGroup;
			children = (
				065E71441F56AE0E00300A9D /* Services */,
				064A5D251F56907E007D1838 /* Model */,
				06F91A661F4D429A00FAE71F /* AppDelegate.swift */,
				06E92BB51F4D5A5600396356 /* Teamwork API */,
				06D0B9D51F4D4EBE00157A91 /* ViewController */,
				06089F8D1F5BD04A002C2423 /* Storyboards */,
				063343421F5A6E7A0068698E /* Assets */,
				063343761F5AA09A0068698E /* Helpers */,
				06089F8E1F5BD058002C2423 /* Supporting Files */,
			);
			path = Loggit;
			sourceTree = "<group>";
		};
		06F91A7A1F4D429A00FAE71F /* LoggitTests */ = {
			isa = PBXGroup;
			children = (
				064E91F61F53FD9C0040332A /* Test Cases */,
				064E91F71F53FDA30040332A /* Stubs */,
				064E91F81F53FDAB0040332A /* Extensions */,
				06F91A7D1F4D429A00FAE71F /* Info.plist */,
			);
			path = LoggitTests;
			sourceTree = "<group>";
		};
		06F91A851F4D429A00FAE71F /* LoggitUITests */ = {
			isa = PBXGroup;
			children = (
				06F91A861F4D429A00FAE71F /* LoggitUITests.swift */,
				06F91A881F4D429A00FAE71F /* Info.plist */,
			);
			path = LoggitUITests;
			sourceTree = "<group>";
		};
		65D2D73B1107AF42FBA655F0 /* Frameworks */ = {
			isa = PBXGroup;
			children = (
				5B85EBD4F67693E13F74AC58 /* Pods_Loggit.framework */,
				1544705B91334E1B75433A33 /* Pods_LoggitTests.framework */,
				45005169D0010EB241F45E7D /* Pods_LoggitUITests.framework */,
			);
			name = Frameworks;
			sourceTree = "<group>";
		};
		CA7CD1605D192E3B4D42E84A /* Pods */ = {
			isa = PBXGroup;
			children = (
				79F926C880F6A4B01F15843C /* Pods-Loggit.debug.xcconfig */,
				02E36BFC13C1F70E79327AE2 /* Pods-Loggit.release.xcconfig */,
				E40B98A057BD0CA40E9BD390 /* Pods-LoggitTests.debug.xcconfig */,
				37F36DF79EC51CE9092553B3 /* Pods-LoggitTests.release.xcconfig */,
				20515EC1C9C270B9E9F1342D /* Pods-LoggitUITests.debug.xcconfig */,
				DBDB1777A552CC4D9BDA9595 /* Pods-LoggitUITests.release.xcconfig */,
			);
			name = Pods;
			sourceTree = "<group>";
		};
/* End PBXGroup section */

/* Begin PBXNativeTarget section */
		06F91A621F4D429A00FAE71F /* Loggit */ = {
			isa = PBXNativeTarget;
			buildConfigurationList = 06F91A8B1F4D429A00FAE71F /* Build configuration list for PBXNativeTarget "Loggit" */;
			buildPhases = (
				159A657C09BB79DC6E82DB26 /* [CP] Check Pods Manifest.lock */,
				06F91A5F1F4D429A00FAE71F /* Sources */,
				06F91A601F4D429A00FAE71F /* Frameworks */,
				06F91A611F4D429A00FAE71F /* Resources */,
				60E16D9FAA791CA31E57D468 /* [CP] Embed Pods Frameworks */,
				93EA68FDED7773339641B579 /* [CP] Copy Pods Resources */,
			);
			buildRules = (
			);
			dependencies = (
			);
			name = Loggit;
			productName = Loggit;
			productReference = 06F91A631F4D429A00FAE71F /* Loggit.app */;
			productType = "com.apple.product-type.application";
		};
		06F91A761F4D429A00FAE71F /* LoggitTests */ = {
			isa = PBXNativeTarget;
			buildConfigurationList = 06F91A8E1F4D429A00FAE71F /* Build configuration list for PBXNativeTarget "LoggitTests" */;
			buildPhases = (
				BA2D46ED20D29BB8874984FF /* [CP] Check Pods Manifest.lock */,
				06F91A731F4D429A00FAE71F /* Sources */,
				06F91A741F4D429A00FAE71F /* Frameworks */,
				06F91A751F4D429A00FAE71F /* Resources */,
				563A16750D689BDFDA6CA8B3 /* [CP] Embed Pods Frameworks */,
				C51F8EC07F6FE05342EA1FD2 /* [CP] Copy Pods Resources */,
			);
			buildRules = (
			);
			dependencies = (
				06F91A791F4D429A00FAE71F /* PBXTargetDependency */,
			);
			name = LoggitTests;
			productName = LoggitTests;
			productReference = 06F91A771F4D429A00FAE71F /* LoggitTests.xctest */;
			productType = "com.apple.product-type.bundle.unit-test";
		};
		06F91A811F4D429A00FAE71F /* LoggitUITests */ = {
			isa = PBXNativeTarget;
			buildConfigurationList = 06F91A911F4D429A00FAE71F /* Build configuration list for PBXNativeTarget "LoggitUITests" */;
			buildPhases = (
				561112877E2327D0F3D249D1 /* [CP] Check Pods Manifest.lock */,
				06F91A7E1F4D429A00FAE71F /* Sources */,
				06F91A7F1F4D429A00FAE71F /* Frameworks */,
				06F91A801F4D429A00FAE71F /* Resources */,
				39657C3433963602FEE4870E /* [CP] Embed Pods Frameworks */,
				B860CC425CC90E8F845988C5 /* [CP] Copy Pods Resources */,
			);
			buildRules = (
			);
			dependencies = (
				06F91A841F4D429A00FAE71F /* PBXTargetDependency */,
			);
			name = LoggitUITests;
			productName = LoggitUITests;
			productReference = 06F91A821F4D429A00FAE71F /* LoggitUITests.xctest */;
			productType = "com.apple.product-type.bundle.ui-testing";
		};
/* End PBXNativeTarget section */

/* Begin PBXProject section */
		06F91A5B1F4D429A00FAE71F /* Project object */ = {
			isa = PBXProject;
			attributes = {
				LastSwiftUpdateCheck = 0830;
				LastUpgradeCheck = 0830;
				ORGANIZATIONNAME = "Francis Breidenbach";
				TargetAttributes = {
					06F91A621F4D429A00FAE71F = {
						CreatedOnToolsVersion = 8.3.3;
						DevelopmentTeam = WA3KPNE52J;
						ProvisioningStyle = Automatic;
					};
					06F91A761F4D429A00FAE71F = {
						CreatedOnToolsVersion = 8.3.3;
						DevelopmentTeam = WA3KPNE52J;
						LastSwiftMigration = 0830;
						ProvisioningStyle = Automatic;
						TestTargetID = 06F91A621F4D429A00FAE71F;
					};
					06F91A811F4D429A00FAE71F = {
						CreatedOnToolsVersion = 8.3.3;
						DevelopmentTeam = WA3KPNE52J;
						ProvisioningStyle = Automatic;
						TestTargetID = 06F91A621F4D429A00FAE71F;
					};
				};
			};
			buildConfigurationList = 06F91A5E1F4D429A00FAE71F /* Build configuration list for PBXProject "Loggit" */;
			compatibilityVersion = "Xcode 3.2";
			developmentRegion = English;
			hasScannedForEncodings = 0;
			knownRegions = (
				en,
				Base,
			);
			mainGroup = 06F91A5A1F4D429A00FAE71F;
			productRefGroup = 06F91A641F4D429A00FAE71F /* Products */;
			projectDirPath = "";
			projectRoot = "";
			targets = (
				06F91A621F4D429A00FAE71F /* Loggit */,
				06F91A761F4D429A00FAE71F /* LoggitTests */,
				06F91A811F4D429A00FAE71F /* LoggitUITests */,
			);
		};
/* End PBXProject section */

/* Begin PBXResourcesBuildPhase section */
		06F91A611F4D429A00FAE71F /* Resources */ = {
			isa = PBXResourcesBuildPhase;
			buildActionMask = 2147483647;
			files = (
				06F91A711F4D429A00FAE71F /* LaunchScreen.storyboard in Resources */,
				06F91A6E1F4D429A00FAE71F /* Assets.xcassets in Resources */,
				06F91A6C1F4D429A00FAE71F /* Main.storyboard in Resources */,
			);
			runOnlyForDeploymentPostprocessing = 0;
		};
		06F91A751F4D429A00FAE71F /* Resources */ = {
			isa = PBXResourcesBuildPhase;
			buildActionMask = 2147483647;
			files = (
			);
			runOnlyForDeploymentPostprocessing = 0;
		};
		06F91A801F4D429A00FAE71F /* Resources */ = {
			isa = PBXResourcesBuildPhase;
			buildActionMask = 2147483647;
			files = (
			);
			runOnlyForDeploymentPostprocessing = 0;
		};
/* End PBXResourcesBuildPhase section */

/* Begin PBXShellScriptBuildPhase section */
		159A657C09BB79DC6E82DB26 /* [CP] Check Pods Manifest.lock */ = {
			isa = PBXShellScriptBuildPhase;
			buildActionMask = 2147483647;
			files = (
			);
			inputPaths = (
				"${PODS_PODFILE_DIR_PATH}/Podfile.lock",
				"${PODS_ROOT}/Manifest.lock",
			);
			name = "[CP] Check Pods Manifest.lock";
			outputPaths = (
				"$(DERIVED_FILE_DIR)/Pods-Loggit-checkManifestLockResult.txt",
			);
			runOnlyForDeploymentPostprocessing = 0;
			shellPath = /bin/sh;
			shellScript = "diff \"${PODS_PODFILE_DIR_PATH}/Podfile.lock\" \"${PODS_ROOT}/Manifest.lock\" > /dev/null\nif [ $? != 0 ] ; then\n    # print error to STDERR\n    echo \"error: The sandbox is not in sync with the Podfile.lock. Run 'pod install' or update your CocoaPods installation.\" >&2\n    exit 1\nfi\n# This output is used by Xcode 'outputs' to avoid re-running this script phase.\necho \"SUCCESS\" > \"${SCRIPT_OUTPUT_FILE_0}\"\n";
			showEnvVarsInLog = 0;
		};
		39657C3433963602FEE4870E /* [CP] Embed Pods Frameworks */ = {
			isa = PBXShellScriptBuildPhase;
			buildActionMask = 2147483647;
			files = (
			);
			inputPaths = (
			);
			name = "[CP] Embed Pods Frameworks";
			outputPaths = (
			);
			runOnlyForDeploymentPostprocessing = 0;
			shellPath = /bin/sh;
			shellScript = "\"${SRCROOT}/Pods/Target Support Files/Pods-LoggitUITests/Pods-LoggitUITests-frameworks.sh\"\n";
			showEnvVarsInLog = 0;
		};
		561112877E2327D0F3D249D1 /* [CP] Check Pods Manifest.lock */ = {
			isa = PBXShellScriptBuildPhase;
			buildActionMask = 2147483647;
			files = (
			);
			inputPaths = (
				"${PODS_PODFILE_DIR_PATH}/Podfile.lock",
				"${PODS_ROOT}/Manifest.lock",
			);
			name = "[CP] Check Pods Manifest.lock";
			outputPaths = (
				"$(DERIVED_FILE_DIR)/Pods-LoggitUITests-checkManifestLockResult.txt",
			);
			runOnlyForDeploymentPostprocessing = 0;
			shellPath = /bin/sh;
			shellScript = "diff \"${PODS_PODFILE_DIR_PATH}/Podfile.lock\" \"${PODS_ROOT}/Manifest.lock\" > /dev/null\nif [ $? != 0 ] ; then\n    # print error to STDERR\n    echo \"error: The sandbox is not in sync with the Podfile.lock. Run 'pod install' or update your CocoaPods installation.\" >&2\n    exit 1\nfi\n# This output is used by Xcode 'outputs' to avoid re-running this script phase.\necho \"SUCCESS\" > \"${SCRIPT_OUTPUT_FILE_0}\"\n";
			showEnvVarsInLog = 0;
		};
		563A16750D689BDFDA6CA8B3 /* [CP] Embed Pods Frameworks */ = {
			isa = PBXShellScriptBuildPhase;
			buildActionMask = 2147483647;
			files = (
			);
			inputPaths = (
				"${SRCROOT}/Pods/Target Support Files/Pods-LoggitTests/Pods-LoggitTests-frameworks.sh",
				"${BUILT_PRODUCTS_DIR}/RxSwift/RxSwift.framework",
				"${BUILT_PRODUCTS_DIR}/RxBlocking/RxBlocking.framework",
				"${BUILT_PRODUCTS_DIR}/RxTest/RxTest.framework",
			);
			name = "[CP] Embed Pods Frameworks";
			outputPaths = (
				"${TARGET_BUILD_DIR}/${FRAMEWORKS_FOLDER_PATH}/RxSwift.framework",
				"${TARGET_BUILD_DIR}/${FRAMEWORKS_FOLDER_PATH}/RxBlocking.framework",
				"${TARGET_BUILD_DIR}/${FRAMEWORKS_FOLDER_PATH}/RxTest.framework",
			);
			runOnlyForDeploymentPostprocessing = 0;
			shellPath = /bin/sh;
			shellScript = "\"${SRCROOT}/Pods/Target Support Files/Pods-LoggitTests/Pods-LoggitTests-frameworks.sh\"\n";
			showEnvVarsInLog = 0;
		};
		60E16D9FAA791CA31E57D468 /* [CP] Embed Pods Frameworks */ = {
			isa = PBXShellScriptBuildPhase;
			buildActionMask = 2147483647;
			files = (
			);
			inputPaths = (
				"${SRCROOT}/Pods/Target Support Files/Pods-Loggit/Pods-Loggit-frameworks.sh",
				"${BUILT_PRODUCTS_DIR}/Action/Action.framework",
				"${BUILT_PRODUCTS_DIR}/Alamofire/Alamofire.framework",
				"${BUILT_PRODUCTS_DIR}/Differentiator/Differentiator.framework",
				"${BUILT_PRODUCTS_DIR}/Kingfisher/Kingfisher.framework",
				"${BUILT_PRODUCTS_DIR}/Realm/Realm.framework",
				"${BUILT_PRODUCTS_DIR}/RealmSwift/RealmSwift.framework",
				"${BUILT_PRODUCTS_DIR}/RxAlamofire/RxAlamofire.framework",
				"${BUILT_PRODUCTS_DIR}/RxCocoa/RxCocoa.framework",
				"${BUILT_PRODUCTS_DIR}/RxDataSources/RxDataSources.framework",
				"${BUILT_PRODUCTS_DIR}/RxRealm/RxRealm.framework",
				"${BUILT_PRODUCTS_DIR}/RxSwift/RxSwift.framework",
				"${BUILT_PRODUCTS_DIR}/SwiftyJSON/SwiftyJSON.framework",
			);
			name = "[CP] Embed Pods Frameworks";
			outputPaths = (
				"${TARGET_BUILD_DIR}/${FRAMEWORKS_FOLDER_PATH}/Action.framework",
				"${TARGET_BUILD_DIR}/${FRAMEWORKS_FOLDER_PATH}/Alamofire.framework",
				"${TARGET_BUILD_DIR}/${FRAMEWORKS_FOLDER_PATH}/Differentiator.framework",
				"${TARGET_BUILD_DIR}/${FRAMEWORKS_FOLDER_PATH}/Kingfisher.framework",
				"${TARGET_BUILD_DIR}/${FRAMEWORKS_FOLDER_PATH}/Realm.framework",
				"${TARGET_BUILD_DIR}/${FRAMEWORKS_FOLDER_PATH}/RealmSwift.framework",
				"${TARGET_BUILD_DIR}/${FRAMEWORKS_FOLDER_PATH}/RxAlamofire.framework",
				"${TARGET_BUILD_DIR}/${FRAMEWORKS_FOLDER_PATH}/RxCocoa.framework",
				"${TARGET_BUILD_DIR}/${FRAMEWORKS_FOLDER_PATH}/RxDataSources.framework",
				"${TARGET_BUILD_DIR}/${FRAMEWORKS_FOLDER_PATH}/RxRealm.framework",
				"${TARGET_BUILD_DIR}/${FRAMEWORKS_FOLDER_PATH}/RxSwift.framework",
				"${TARGET_BUILD_DIR}/${FRAMEWORKS_FOLDER_PATH}/SwiftyJSON.framework",
			);
			runOnlyForDeploymentPostprocessing = 0;
			shellPath = /bin/sh;
			shellScript = "\"${SRCROOT}/Pods/Target Support Files/Pods-Loggit/Pods-Loggit-frameworks.sh\"\n";
			showEnvVarsInLog = 0;
		};
		93EA68FDED7773339641B579 /* [CP] Copy Pods Resources */ = {
			isa = PBXShellScriptBuildPhase;
			buildActionMask = 2147483647;
			files = (
			);
			inputPaths = (
			);
			name = "[CP] Copy Pods Resources";
			outputPaths = (
			);
			runOnlyForDeploymentPostprocessing = 0;
			shellPath = /bin/sh;
			shellScript = "\"${SRCROOT}/Pods/Target Support Files/Pods-Loggit/Pods-Loggit-resources.sh\"\n";
			showEnvVarsInLog = 0;
		};
		B860CC425CC90E8F845988C5 /* [CP] Copy Pods Resources */ = {
			isa = PBXShellScriptBuildPhase;
			buildActionMask = 2147483647;
			files = (
			);
			inputPaths = (
			);
			name = "[CP] Copy Pods Resources";
			outputPaths = (
			);
			runOnlyForDeploymentPostprocessing = 0;
			shellPath = /bin/sh;
			shellScript = "\"${SRCROOT}/Pods/Target Support Files/Pods-LoggitUITests/Pods-LoggitUITests-resources.sh\"\n";
			showEnvVarsInLog = 0;
		};
		BA2D46ED20D29BB8874984FF /* [CP] Check Pods Manifest.lock */ = {
			isa = PBXShellScriptBuildPhase;
			buildActionMask = 2147483647;
			files = (
			);
			inputPaths = (
				"${PODS_PODFILE_DIR_PATH}/Podfile.lock",
				"${PODS_ROOT}/Manifest.lock",
			);
			name = "[CP] Check Pods Manifest.lock";
			outputPaths = (
				"$(DERIVED_FILE_DIR)/Pods-LoggitTests-checkManifestLockResult.txt",
			);
			runOnlyForDeploymentPostprocessing = 0;
			shellPath = /bin/sh;
			shellScript = "diff \"${PODS_PODFILE_DIR_PATH}/Podfile.lock\" \"${PODS_ROOT}/Manifest.lock\" > /dev/null\nif [ $? != 0 ] ; then\n    # print error to STDERR\n    echo \"error: The sandbox is not in sync with the Podfile.lock. Run 'pod install' or update your CocoaPods installation.\" >&2\n    exit 1\nfi\n# This output is used by Xcode 'outputs' to avoid re-running this script phase.\necho \"SUCCESS\" > \"${SCRIPT_OUTPUT_FILE_0}\"\n";
			showEnvVarsInLog = 0;
		};
		C51F8EC07F6FE05342EA1FD2 /* [CP] Copy Pods Resources */ = {
			isa = PBXShellScriptBuildPhase;
			buildActionMask = 2147483647;
			files = (
			);
			inputPaths = (
			);
			name = "[CP] Copy Pods Resources";
			outputPaths = (
			);
			runOnlyForDeploymentPostprocessing = 0;
			shellPath = /bin/sh;
			shellScript = "\"${SRCROOT}/Pods/Target Support Files/Pods-LoggitTests/Pods-LoggitTests-resources.sh\"\n";
			showEnvVarsInLog = 0;
		};
/* End PBXShellScriptBuildPhase section */

/* Begin PBXSourcesBuildPhase section */
		06F91A5F1F4D429A00FAE71F /* Sources */ = {
			isa = PBXSourcesBuildPhase;
			buildActionMask = 2147483647;
			files = (
				063343751F5AA0960068698E /* UIViewControllerHelpers.swift in Sources */,
				06E92BB71F4D5AC200396356 /* TeamworkSettings.swift in Sources */,
				06E9B7571F554658006DF011 /* ProjectListTableViewCell.swift in Sources */,
				066F1DA51F57DE4D00B3BA06 /* PersistentService.swift in Sources */,
				06E92BBF1F4D5DE300396356 /* TeamworkRouter.swift in Sources */,
				064A5D241F568F1F007D1838 /* ProjectListViewViewModel.swift in Sources */,
				06F91A691F4D429A00FAE71F /* ProjectListViewController.swift in Sources */,
				06F91A671F4D429A00FAE71F /* AppDelegate.swift in Sources */,
				06E92BB91F4D5BF800396356 /* TeamworkClient.swift in Sources */,
				064A5D271F56909B007D1838 /* Project.swift in Sources */,
				065E71461F56AE5100300A9D /* ProjectService.swift in Sources */,
				063343731F5A8C090068698E /* ProjectServiceError.swift in Sources */,
			);
			runOnlyForDeploymentPostprocessing = 0;
		};
		06F91A731F4D429A00FAE71F /* Sources */ = {
			isa = PBXSourcesBuildPhase;
			buildActionMask = 2147483647;
			files = (
				064E91FA1F53FE1A0040332A /* TeamworkClientTests.swift in Sources */,
				065E71431F56A44B00300A9D /* ProjectStubs.swift in Sources */,
				065E713E1F569F9800300A9D /* ProjectTests.swift in Sources */,
			);
			runOnlyForDeploymentPostprocessing = 0;
		};
		06F91A7E1F4D429A00FAE71F /* Sources */ = {
			isa = PBXSourcesBuildPhase;
			buildActionMask = 2147483647;
			files = (
				06F91A871F4D429A00FAE71F /* LoggitUITests.swift in Sources */,
			);
			runOnlyForDeploymentPostprocessing = 0;
		};
/* End PBXSourcesBuildPhase section */

/* Begin PBXTargetDependency section */
		06F91A791F4D429A00FAE71F /* PBXTargetDependency */ = {
			isa = PBXTargetDependency;
			target = 06F91A621F4D429A00FAE71F /* Loggit */;
			targetProxy = 06F91A781F4D429A00FAE71F /* PBXContainerItemProxy */;
		};
		06F91A841F4D429A00FAE71F /* PBXTargetDependency */ = {
			isa = PBXTargetDependency;
			target = 06F91A621F4D429A00FAE71F /* Loggit */;
			targetProxy = 06F91A831F4D429A00FAE71F /* PBXContainerItemProxy */;
		};
/* End PBXTargetDependency section */

/* Begin PBXVariantGroup section */
		06F91A6A1F4D429A00FAE71F /* Main.storyboard */ = {
			isa = PBXVariantGroup;
			children = (
				06F91A6B1F4D429A00FAE71F /* Base */,
			);
			name = Main.storyboard;
			sourceTree = "<group>";
		};
		06F91A6F1F4D429A00FAE71F /* LaunchScreen.storyboard */ = {
			isa = PBXVariantGroup;
			children = (
				06F91A701F4D429A00FAE71F /* Base */,
			);
			name = LaunchScreen.storyboard;
			sourceTree = "<group>";
		};
/* End PBXVariantGroup section */

/* Begin XCBuildConfiguration section */
		06F91A891F4D429A00FAE71F /* Debug */ = {
			isa = XCBuildConfiguration;
			buildSettings = {
				ALWAYS_SEARCH_USER_PATHS = NO;
				CLANG_ANALYZER_NONNULL = YES;
				CLANG_ANALYZER_NUMBER_OBJECT_CONVERSION = YES_AGGRESSIVE;
				CLANG_CXX_LANGUAGE_STANDARD = "gnu++0x";
				CLANG_CXX_LIBRARY = "libc++";
				CLANG_ENABLE_MODULES = YES;
				CLANG_ENABLE_OBJC_ARC = YES;
				CLANG_WARN_BOOL_CONVERSION = YES;
				CLANG_WARN_CONSTANT_CONVERSION = YES;
				CLANG_WARN_DIRECT_OBJC_ISA_USAGE = YES_ERROR;
				CLANG_WARN_DOCUMENTATION_COMMENTS = YES;
				CLANG_WARN_EMPTY_BODY = YES;
				CLANG_WARN_ENUM_CONVERSION = YES;
				CLANG_WARN_INFINITE_RECURSION = YES;
				CLANG_WARN_INT_CONVERSION = YES;
				CLANG_WARN_OBJC_ROOT_CLASS = YES_ERROR;
				CLANG_WARN_SUSPICIOUS_MOVE = YES;
				CLANG_WARN_UNREACHABLE_CODE = YES;
				CLANG_WARN__DUPLICATE_METHOD_MATCH = YES;
				"CODE_SIGN_IDENTITY[sdk=iphoneos*]" = "iPhone Developer";
				COPY_PHASE_STRIP = NO;
				DEBUG_INFORMATION_FORMAT = dwarf;
				ENABLE_STRICT_OBJC_MSGSEND = YES;
				ENABLE_TESTABILITY = YES;
				GCC_C_LANGUAGE_STANDARD = gnu99;
				GCC_DYNAMIC_NO_PIC = NO;
				GCC_NO_COMMON_BLOCKS = YES;
				GCC_OPTIMIZATION_LEVEL = 0;
				GCC_PREPROCESSOR_DEFINITIONS = (
					"DEBUG=1",
					"$(inherited)",
				);
				GCC_WARN_64_TO_32_BIT_CONVERSION = YES;
				GCC_WARN_ABOUT_RETURN_TYPE = YES_ERROR;
				GCC_WARN_UNDECLARED_SELECTOR = YES;
				GCC_WARN_UNINITIALIZED_AUTOS = YES_AGGRESSIVE;
				GCC_WARN_UNUSED_FUNCTION = YES;
				GCC_WARN_UNUSED_VARIABLE = YES;
				IPHONEOS_DEPLOYMENT_TARGET = 10.3;
				MTL_ENABLE_DEBUG_INFO = YES;
				ONLY_ACTIVE_ARCH = YES;
				SDKROOT = iphoneos;
				SWIFT_ACTIVE_COMPILATION_CONDITIONS = DEBUG;
				SWIFT_OPTIMIZATION_LEVEL = "-Onone";
			};
			name = Debug;
		};
		06F91A8A1F4D429A00FAE71F /* Release */ = {
			isa = XCBuildConfiguration;
			buildSettings = {
				ALWAYS_SEARCH_USER_PATHS = NO;
				CLANG_ANALYZER_NONNULL = YES;
				CLANG_ANALYZER_NUMBER_OBJECT_CONVERSION = YES_AGGRESSIVE;
				CLANG_CXX_LANGUAGE_STANDARD = "gnu++0x";
				CLANG_CXX_LIBRARY = "libc++";
				CLANG_ENABLE_MODULES = YES;
				CLANG_ENABLE_OBJC_ARC = YES;
				CLANG_WARN_BOOL_CONVERSION = YES;
				CLANG_WARN_CONSTANT_CONVERSION = YES;
				CLANG_WARN_DIRECT_OBJC_ISA_USAGE = YES_ERROR;
				CLANG_WARN_DOCUMENTATION_COMMENTS = YES;
				CLANG_WARN_EMPTY_BODY = YES;
				CLANG_WARN_ENUM_CONVERSION = YES;
				CLANG_WARN_INFINITE_RECURSION = YES;
				CLANG_WARN_INT_CONVERSION = YES;
				CLANG_WARN_OBJC_ROOT_CLASS = YES_ERROR;
				CLANG_WARN_SUSPICIOUS_MOVE = YES;
				CLANG_WARN_UNREACHABLE_CODE = YES;
				CLANG_WARN__DUPLICATE_METHOD_MATCH = YES;
				"CODE_SIGN_IDENTITY[sdk=iphoneos*]" = "iPhone Developer";
				COPY_PHASE_STRIP = NO;
				DEBUG_INFORMATION_FORMAT = "dwarf-with-dsym";
				ENABLE_NS_ASSERTIONS = NO;
				ENABLE_STRICT_OBJC_MSGSEND = YES;
				GCC_C_LANGUAGE_STANDARD = gnu99;
				GCC_NO_COMMON_BLOCKS = YES;
				GCC_WARN_64_TO_32_BIT_CONVERSION = YES;
				GCC_WARN_ABOUT_RETURN_TYPE = YES_ERROR;
				GCC_WARN_UNDECLARED_SELECTOR = YES;
				GCC_WARN_UNINITIALIZED_AUTOS = YES_AGGRESSIVE;
				GCC_WARN_UNUSED_FUNCTION = YES;
				GCC_WARN_UNUSED_VARIABLE = YES;
				IPHONEOS_DEPLOYMENT_TARGET = 10.3;
				MTL_ENABLE_DEBUG_INFO = NO;
				SDKROOT = iphoneos;
				SWIFT_OPTIMIZATION_LEVEL = "-Owholemodule";
				VALIDATE_PRODUCT = YES;
			};
			name = Release;
		};
		06F91A8C1F4D429A00FAE71F /* Debug */ = {
			isa = XCBuildConfiguration;
			baseConfigurationReference = 79F926C880F6A4B01F15843C /* Pods-Loggit.debug.xcconfig */;
			buildSettings = {
				ASSETCATALOG_COMPILER_APPICON_NAME = AppIcon;
				DEVELOPMENT_TEAM = WA3KPNE52J;
				INFOPLIST_FILE = Loggit/Info.plist;
				IPHONEOS_DEPLOYMENT_TARGET = 10.0;
				LD_RUNPATH_SEARCH_PATHS = "$(inherited) @executable_path/Frameworks";
				OTHER_SWIFT_FLAGS = "$(inherited) \"-D\" \"COCOAPODS\"";
				PRODUCT_BUNDLE_IDENTIFIER = com.fbreidenbach.Loggit;
				PRODUCT_NAME = "$(TARGET_NAME)";
				SWIFT_VERSION = 3.0;
			};
			name = Debug;
		};
		06F91A8D1F4D429A00FAE71F /* Release */ = {
			isa = XCBuildConfiguration;
			baseConfigurationReference = 02E36BFC13C1F70E79327AE2 /* Pods-Loggit.release.xcconfig */;
			buildSettings = {
				ASSETCATALOG_COMPILER_APPICON_NAME = AppIcon;
				DEVELOPMENT_TEAM = WA3KPNE52J;
				INFOPLIST_FILE = Loggit/Info.plist;
				IPHONEOS_DEPLOYMENT_TARGET = 10.0;
				LD_RUNPATH_SEARCH_PATHS = "$(inherited) @executable_path/Frameworks";
				PRODUCT_BUNDLE_IDENTIFIER = com.fbreidenbach.Loggit;
				PRODUCT_NAME = "$(TARGET_NAME)";
				SWIFT_VERSION = 3.0;
			};
			name = Release;
		};
		06F91A8F1F4D429A00FAE71F /* Debug */ = {
			isa = XCBuildConfiguration;
			baseConfigurationReference = E40B98A057BD0CA40E9BD390 /* Pods-LoggitTests.debug.xcconfig */;
			buildSettings = {
				ALWAYS_EMBED_SWIFT_STANDARD_LIBRARIES = "$(inherited)";
				BUNDLE_LOADER = "$(TEST_HOST)";
				CLANG_ENABLE_MODULES = YES;
				DEVELOPMENT_TEAM = WA3KPNE52J;
				INFOPLIST_FILE = LoggitTests/Info.plist;
				LD_RUNPATH_SEARCH_PATHS = "$(inherited) @executable_path/Frameworks @loader_path/Frameworks";
				PRODUCT_BUNDLE_IDENTIFIER = com.fbreidenbach.LoggitTests;
				PRODUCT_NAME = "$(TARGET_NAME)";
				SWIFT_OPTIMIZATION_LEVEL = "-Onone";
				SWIFT_VERSION = 3.0;
				TEST_HOST = "$(BUILT_PRODUCTS_DIR)/Loggit.app/Loggit";
			};
			name = Debug;
		};
		06F91A901F4D429A00FAE71F /* Release */ = {
			isa = XCBuildConfiguration;
			baseConfigurationReference = 37F36DF79EC51CE9092553B3 /* Pods-LoggitTests.release.xcconfig */;
			buildSettings = {
				ALWAYS_EMBED_SWIFT_STANDARD_LIBRARIES = "$(inherited)";
				BUNDLE_LOADER = "$(TEST_HOST)";
				CLANG_ENABLE_MODULES = YES;
				DEVELOPMENT_TEAM = WA3KPNE52J;
				INFOPLIST_FILE = LoggitTests/Info.plist;
				LD_RUNPATH_SEARCH_PATHS = "$(inherited) @executable_path/Frameworks @loader_path/Frameworks";
				PRODUCT_BUNDLE_IDENTIFIER = com.fbreidenbach.LoggitTests;
				PRODUCT_NAME = "$(TARGET_NAME)";
				SWIFT_VERSION = 3.0;
				TEST_HOST = "$(BUILT_PRODUCTS_DIR)/Loggit.app/Loggit";
			};
			name = Release;
		};
		06F91A921F4D429A00FAE71F /* Debug */ = {
			isa = XCBuildConfiguration;
			baseConfigurationReference = 20515EC1C9C270B9E9F1342D /* Pods-LoggitUITests.debug.xcconfig */;
			buildSettings = {
				ALWAYS_EMBED_SWIFT_STANDARD_LIBRARIES = YES;
				DEVELOPMENT_TEAM = WA3KPNE52J;
				INFOPLIST_FILE = LoggitUITests/Info.plist;
				LD_RUNPATH_SEARCH_PATHS = "$(inherited) @executable_path/Frameworks @loader_path/Frameworks";
				PRODUCT_BUNDLE_IDENTIFIER = com.fbreidenbach.LoggitUITests;
				PRODUCT_NAME = "$(TARGET_NAME)";
				SWIFT_VERSION = 3.0;
				TEST_TARGET_NAME = Loggit;
			};
			name = Debug;
		};
		06F91A931F4D429A00FAE71F /* Release */ = {
			isa = XCBuildConfiguration;
			baseConfigurationReference = DBDB1777A552CC4D9BDA9595 /* Pods-LoggitUITests.release.xcconfig */;
			buildSettings = {
				ALWAYS_EMBED_SWIFT_STANDARD_LIBRARIES = YES;
				DEVELOPMENT_TEAM = WA3KPNE52J;
				INFOPLIST_FILE = LoggitUITests/Info.plist;
				LD_RUNPATH_SEARCH_PATHS = "$(inherited) @executable_path/Frameworks @loader_path/Frameworks";
				PRODUCT_BUNDLE_IDENTIFIER = com.fbreidenbach.LoggitUITests;
				PRODUCT_NAME = "$(TARGET_NAME)";
				SWIFT_VERSION = 3.0;
				TEST_TARGET_NAME = Loggit;
			};
			name = Release;
		};
/* End XCBuildConfiguration section */

/* Begin XCConfigurationList section */
		06F91A5E1F4D429A00FAE71F /* Build configuration list for PBXProject "Loggit" */ = {
			isa = XCConfigurationList;
			buildConfigurations = (
				06F91A891F4D429A00FAE71F /* Debug */,
				06F91A8A1F4D429A00FAE71F /* Release */,
			);
			defaultConfigurationIsVisible = 0;
			defaultConfigurationName = Release;
		};
		06F91A8B1F4D429A00FAE71F /* Build configuration list for PBXNativeTarget "Loggit" */ = {
			isa = XCConfigurationList;
			buildConfigurations = (
				06F91A8C1F4D429A00FAE71F /* Debug */,
				06F91A8D1F4D429A00FAE71F /* Release */,
			);
			defaultConfigurationIsVisible = 0;
			defaultConfigurationName = Release;
		};
		06F91A8E1F4D429A00FAE71F /* Build configuration list for PBXNativeTarget "LoggitTests" */ = {
			isa = XCConfigurationList;
			buildConfigurations = (
				06F91A8F1F4D429A00FAE71F /* Debug */,
				06F91A901F4D429A00FAE71F /* Release */,
			);
			defaultConfigurationIsVisible = 0;
			defaultConfigurationName = Release;
		};
		06F91A911F4D429A00FAE71F /* Build configuration list for PBXNativeTarget "LoggitUITests" */ = {
			isa = XCConfigurationList;
			buildConfigurations = (
				06F91A921F4D429A00FAE71F /* Debug */,
				06F91A931F4D429A00FAE71F /* Release */,
			);
			defaultConfigurationIsVisible = 0;
			defaultConfigurationName = Release;
		};
/* End XCConfigurationList section */
	};
	rootObject = 06F91A5B1F4D429A00FAE71F /* Project object */;
}
